// !$*UTF8*$!
{
	archiveVersion = 1;
	classes = {
	};
	objectVersion = 77;
	objects = {

/* Begin PBXContainerItemProxy section */
		1A49E9362DB221E20068F8A5 /* PBXContainerItemProxy */ = {
			isa = PBXContainerItemProxy;
			containerPortal = 1A49E9202DB221E10068F8A5 /* Project object */;
			proxyType = 1;
			remoteGlobalIDString = 1A49E9272DB221E10068F8A5;
			remoteInfo = "developer-app-clone";
		};
		1A49E9402DB221E20068F8A5 /* PBXContainerItemProxy */ = {
			isa = PBXContainerItemProxy;
			containerPortal = 1A49E9202DB221E10068F8A5 /* Project object */;
			proxyType = 1;
			remoteGlobalIDString = 1A49E9272DB221E10068F8A5;
			remoteInfo = "developer-app-clone";
		};
/* End PBXContainerItemProxy section */

/* Begin PBXFileReference section */
		1A49E9282DB221E10068F8A5 /* developer-app-clone.app */ = {isa = PBXFileReference; explicitFileType = wrapper.application; includeInIndex = 0; path = "developer-app-clone.app"; sourceTree = BUILT_PRODUCTS_DIR; };
		1A49E9352DB221E20068F8A5 /* developer-app-cloneTests.xctest */ = {isa = PBXFileReference; explicitFileType = wrapper.cfbundle; includeInIndex = 0; path = "developer-app-cloneTests.xctest"; sourceTree = BUILT_PRODUCTS_DIR; };
		1A49E93F2DB221E20068F8A5 /* developer-app-cloneUITests.xctest */ = {isa = PBXFileReference; explicitFileType = wrapper.cfbundle; includeInIndex = 0; path = "developer-app-cloneUITests.xctest"; sourceTree = BUILT_PRODUCTS_DIR; };
/* End PBXFileReference section */

/* Begin PBXFileSystemSynchronizedRootGroup section */
		1A49E92A2DB221E10068F8A5 /* developer-app-clone */ = {
			isa = PBXFileSystemSynchronizedRootGroup;
			path = "developer-app-clone";
			sourceTree = "<group>";
		};
		1A49E9382DB221E20068F8A5 /* developer-app-cloneTests */ = {
			isa = PBXFileSystemSynchronizedRootGroup;
			path = "developer-app-cloneTests";
			sourceTree = "<group>";
		};
		1A49E9422DB221E20068F8A5 /* developer-app-cloneUITests */ = {
			isa = PBXFileSystemSynchronizedRootGroup;
			path = "developer-app-cloneUITests";
			sourceTree = "<group>";
		};
/* End PBXFileSystemSynchronizedRootGroup section */

/* Begin PBXFrameworksBuildPhase section */
		1A49E9252DB221E10068F8A5 /* Frameworks */ = {
			isa = PBXFrameworksBuildPhase;
			buildActionMask = 2147483647;
			files = (
			);
			runOnlyForDeploymentPostprocessing = 0;
		};
		1A49E9322DB221E20068F8A5 /* Frameworks */ = {
			isa = PBXFrameworksBuildPhase;
			buildActionMask = 2147483647;
			files = (
			);
			runOnlyForDeploymentPostprocessing = 0;
		};
		1A49E93C2DB221E20068F8A5 /* Frameworks */ = {
			isa = PBXFrameworksBuildPhase;
			buildActionMask = 2147483647;
			files = (
			);
			runOnlyForDeploymentPostprocessing = 0;
		};
/* End PBXFrameworksBuildPhase section */

/* Begin PBXGroup section */
		1A49E91F2DB221E10068F8A5 = {
			isa = PBXGroup;
			children = (
				1A49E92A2DB221E10068F8A5 /* developer-app-clone */,
				1A49E9382DB221E20068F8A5 /* developer-app-cloneTests */,
				1A49E9422DB221E20068F8A5 /* developer-app-cloneUITests */,
				1A49E9292DB221E10068F8A5 /* Products */,
			);
			sourceTree = "<group>";
		};
		1A49E9292DB221E10068F8A5 /* Products */ = {
			isa = PBXGroup;
			children = (
				1A49E9282DB221E10068F8A5 /* developer-app-clone.app */,
				1A49E9352DB221E20068F8A5 /* developer-app-cloneTests.xctest */,
				1A49E93F2DB221E20068F8A5 /* developer-app-cloneUITests.xctest */,
			);
			name = Products;
			sourceTree = "<group>";
		};
/* End PBXGroup section */

/* Begin PBXNativeTarget section */
		1A49E9272DB221E10068F8A5 /* developer-app-clone */ = {
			isa = PBXNativeTarget;
			buildConfigurationList = 1A49E9492DB221E20068F8A5 /* Build configuration list for PBXNativeTarget "developer-app-clone" */;
			buildPhases = (
				1A49E9242DB221E10068F8A5 /* Sources */,
				1A49E9252DB221E10068F8A5 /* Frameworks */,
				1A49E9262DB221E10068F8A5 /* Resources */,
			);
			buildRules = (
			);
			dependencies = (
			);
			fileSystemSynchronizedGroups = (
				1A49E92A2DB221E10068F8A5 /* developer-app-clone */,
			);
			name = "developer-app-clone";
			packageProductDependencies = (
			);
			productName = "developer-app-clone";
			productReference = 1A49E9282DB221E10068F8A5 /* developer-app-clone.app */;
			productType = "com.apple.product-type.application";
		};
		1A49E9342DB221E20068F8A5 /* developer-app-cloneTests */ = {
			isa = PBXNativeTarget;
			buildConfigurationList = 1A49E94C2DB221E20068F8A5 /* Build configuration list for PBXNativeTarget "developer-app-cloneTests" */;
			buildPhases = (
				1A49E9312DB221E20068F8A5 /* Sources */,
				1A49E9322DB221E20068F8A5 /* Frameworks */,
				1A49E9332DB221E20068F8A5 /* Resources */,
			);
			buildRules = (
			);
			dependencies = (
				1A49E9372DB221E20068F8A5 /* PBXTargetDependency */,
			);
			fileSystemSynchronizedGroups = (
				1A49E9382DB221E20068F8A5 /* developer-app-cloneTests */,
			);
			name = "developer-app-cloneTests";
			packageProductDependencies = (
			);
			productName = "developer-app-cloneTests";
			productReference = 1A49E9352DB221E20068F8A5 /* developer-app-cloneTests.xctest */;
			productType = "com.apple.product-type.bundle.unit-test";
		};
		1A49E93E2DB221E20068F8A5 /* developer-app-cloneUITests */ = {
			isa = PBXNativeTarget;
			buildConfigurationList = 1A49E94F2DB221E20068F8A5 /* Build configuration list for PBXNativeTarget "developer-app-cloneUITests" */;
			buildPhases = (
				1A49E93B2DB221E20068F8A5 /* Sources */,
				1A49E93C2DB221E20068F8A5 /* Frameworks */,
				1A49E93D2DB221E20068F8A5 /* Resources */,
			);
			buildRules = (
			);
			dependencies = (
				1A49E9412DB221E20068F8A5 /* PBXTargetDependency */,
			);
			fileSystemSynchronizedGroups = (
				1A49E9422DB221E20068F8A5 /* developer-app-cloneUITests */,
			);
			name = "developer-app-cloneUITests";
			packageProductDependencies = (
			);
			productName = "developer-app-cloneUITests";
			productReference = 1A49E93F2DB221E20068F8A5 /* developer-app-cloneUITests.xctest */;
			productType = "com.apple.product-type.bundle.ui-testing";
		};
/* End PBXNativeTarget section */

/* Begin PBXProject section */
		1A49E9202DB221E10068F8A5 /* Project object */ = {
			isa = PBXProject;
			attributes = {
				BuildIndependentTargetsInParallel = 1;
				LastSwiftUpdateCheck = 1630;
				LastUpgradeCheck = 1630;
				TargetAttributes = {
					1A49E9272DB221E10068F8A5 = {
						CreatedOnToolsVersion = 16.3;
					};
					1A49E9342DB221E20068F8A5 = {
						CreatedOnToolsVersion = 16.3;
						TestTargetID = 1A49E9272DB221E10068F8A5;
					};
					1A49E93E2DB221E20068F8A5 = {
						CreatedOnToolsVersion = 16.3;
						TestTargetID = 1A49E9272DB221E10068F8A5;
					};
				};
			};
			buildConfigurationList = 1A49E9232DB221E10068F8A5 /* Build configuration list for PBXProject "developer-app-clone" */;
			developmentRegion = en;
			hasScannedForEncodings = 0;
			knownRegions = (
				en,
				Base,
			);
			mainGroup = 1A49E91F2DB221E10068F8A5;
			minimizedProjectReferenceProxies = 1;
			preferredProjectObjectVersion = 77;
			productRefGroup = 1A49E9292DB221E10068F8A5 /* Products */;
			projectDirPath = "";
			projectRoot = "";
			targets = (
				1A49E9272DB221E10068F8A5 /* developer-app-clone */,
				1A49E9342DB221E20068F8A5 /* developer-app-cloneTests */,
				1A49E93E2DB221E20068F8A5 /* developer-app-cloneUITests */,
			);
		};
/* End PBXProject section */

/* Begin PBXResourcesBuildPhase section */
		1A49E9262DB221E10068F8A5 /* Resources */ = {
			isa = PBXResourcesBuildPhase;
			buildActionMask = 2147483647;
			files = (
			);
			runOnlyForDeploymentPostprocessing = 0;
		};
		1A49E9332DB221E20068F8A5 /* Resources */ = {
			isa = PBXResourcesBuildPhase;
			buildActionMask = 2147483647;
			files = (
			);
			runOnlyForDeploymentPostprocessing = 0;
		};
		1A49E93D2DB221E20068F8A5 /* Resources */ = {
			isa = PBXResourcesBuildPhase;
			buildActionMask = 2147483647;
			files = (
			);
			runOnlyForDeploymentPostprocessing = 0;
		};
/* End PBXResourcesBuildPhase section */

/* Begin PBXSourcesBuildPhase section */
		1A49E9242DB221E10068F8A5 /* Sources */ = {
			isa = PBXSourcesBuildPhase;
			buildActionMask = 2147483647;
			files = (
			);
			runOnlyForDeploymentPostprocessing = 0;
		};
		1A49E9312DB221E20068F8A5 /* Sources */ = {
			isa = PBXSourcesBuildPhase;
			buildActionMask = 2147483647;
			files = (
			);
			runOnlyForDeploymentPostprocessing = 0;
		};
		1A49E93B2DB221E20068F8A5 /* Sources */ = {
			isa = PBXSourcesBuildPhase;
			buildActionMask = 2147483647;
			files = (
			);
			runOnlyForDeploymentPostprocessing = 0;
		};
/* End PBXSourcesBuildPhase section */

/* Begin PBXTargetDependency section */
		1A49E9372DB221E20068F8A5 /* PBXTargetDependency */ = {
			isa = PBXTargetDependency;
			target = 1A49E9272DB221E10068F8A5 /* developer-app-clone */;
			targetProxy = 1A49E9362DB221E20068F8A5 /* PBXContainerItemProxy */;
		};
		1A49E9412DB221E20068F8A5 /* PBXTargetDependency */ = {
			isa = PBXTargetDependency;
			target = 1A49E9272DB221E10068F8A5 /* developer-app-clone */;
			targetProxy = 1A49E9402DB221E20068F8A5 /* PBXContainerItemProxy */;
		};
/* End PBXTargetDependency section */

/* Begin XCBuildConfiguration section */
		1A49E9472DB221E20068F8A5 /* Debug */ = {
			isa = XCBuildConfiguration;
			buildSettings = {
				ALWAYS_SEARCH_USER_PATHS = NO;
				ASSETCATALOG_COMPILER_GENERATE_SWIFT_ASSET_SYMBOL_EXTENSIONS = YES;
				CLANG_ANALYZER_NONNULL = YES;
				CLANG_ANALYZER_NUMBER_OBJECT_CONVERSION = YES_AGGRESSIVE;
				CLANG_CXX_LANGUAGE_STANDARD = "gnu++20";
				CLANG_ENABLE_MODULES = YES;
				CLANG_ENABLE_OBJC_ARC = YES;
				CLANG_ENABLE_OBJC_WEAK = YES;
				CLANG_WARN_BLOCK_CAPTURE_AUTORELEASING = YES;
				CLANG_WARN_BOOL_CONVERSION = YES;
				CLANG_WARN_COMMA = YES;
				CLANG_WARN_CONSTANT_CONVERSION = YES;
				CLANG_WARN_DEPRECATED_OBJC_IMPLEMENTATIONS = YES;
				CLANG_WARN_DIRECT_OBJC_ISA_USAGE = YES_ERROR;
				CLANG_WARN_DOCUMENTATION_COMMENTS = YES;
				CLANG_WARN_EMPTY_BODY = YES;
				CLANG_WARN_ENUM_CONVERSION = YES;
				CLANG_WARN_INFINITE_RECURSION = YES;
				CLANG_WARN_INT_CONVERSION = YES;
				CLANG_WARN_NON_LITERAL_NULL_CONVERSION = YES;
				CLANG_WARN_OBJC_IMPLICIT_RETAIN_SELF = YES;
				CLANG_WARN_OBJC_LITERAL_CONVERSION = YES;
				CLANG_WARN_OBJC_ROOT_CLASS = YES_ERROR;
				CLANG_WARN_QUOTED_INCLUDE_IN_FRAMEWORK_HEADER = YES;
				CLANG_WARN_RANGE_LOOP_ANALYSIS = YES;
				CLANG_WARN_STRICT_PROTOTYPES = YES;
				CLANG_WARN_SUSPICIOUS_MOVE = YES;
				CLANG_WARN_UNGUARDED_AVAILABILITY = YES_AGGRESSIVE;
				CLANG_WARN_UNREACHABLE_CODE = YES;
				CLANG_WARN__DUPLICATE_METHOD_MATCH = YES;
				COPY_PHASE_STRIP = NO;
				DEBUG_INFORMATION_FORMAT = dwarf;
				DEVELOPMENT_TEAM = P5JTN6T6V3;
				ENABLE_STRICT_OBJC_MSGSEND = YES;
				ENABLE_TESTABILITY = YES;
				ENABLE_USER_SCRIPT_SANDBOXING = YES;
				GCC_C_LANGUAGE_STANDARD = gnu17;
				GCC_DYNAMIC_NO_PIC = NO;
				GCC_NO_COMMON_BLOCKS = YES;
				GCC_OPTIMIZATION_LEVEL = 0;
				GCC_PREPROCESSOR_DEFINITIONS = (
					"DEBUG=1",
					"$(inherited)",
				);
				GCC_WARN_64_TO_32_BIT_CONVERSION = YES;
				GCC_WARN_ABOUT_RETURN_TYPE = YES_ERROR;
				GCC_WARN_UNDECLARED_SELECTOR = YES;
				GCC_WARN_UNINITIALIZED_AUTOS = YES_AGGRESSIVE;
				GCC_WARN_UNUSED_FUNCTION = YES;
				GCC_WARN_UNUSED_VARIABLE = YES;
				IPHONEOS_DEPLOYMENT_TARGET = 18.4;
				LOCALIZATION_PREFERS_STRING_CATALOGS = YES;
				MTL_ENABLE_DEBUG_INFO = INCLUDE_SOURCE;
				MTL_FAST_MATH = YES;
				ONLY_ACTIVE_ARCH = YES;
				SDKROOT = iphoneos;
				SWIFT_ACTIVE_COMPILATION_CONDITIONS = "DEBUG $(inherited)";
				SWIFT_OPTIMIZATION_LEVEL = "-Onone";
			};
			name = Debug;
		};
		1A49E9482DB221E20068F8A5 /* Release */ = {
			isa = XCBuildConfiguration;
			buildSettings = {
				ALWAYS_SEARCH_USER_PATHS = NO;
				ASSETCATALOG_COMPILER_GENERATE_SWIFT_ASSET_SYMBOL_EXTENSIONS = YES;
				CLANG_ANALYZER_NONNULL = YES;
				CLANG_ANALYZER_NUMBER_OBJECT_CONVERSION = YES_AGGRESSIVE;
				CLANG_CXX_LANGUAGE_STANDARD = "gnu++20";
				CLANG_ENABLE_MODULES = YES;
				CLANG_ENABLE_OBJC_ARC = YES;
				CLANG_ENABLE_OBJC_WEAK = YES;
				CLANG_WARN_BLOCK_CAPTURE_AUTORELEASING = YES;
				CLANG_WARN_BOOL_CONVERSION = YES;
				CLANG_WARN_COMMA = YES;
				CLANG_WARN_CONSTANT_CONVERSION = YES;
				CLANG_WARN_DEPRECATED_OBJC_IMPLEMENTATIONS = YES;
				CLANG_WARN_DIRECT_OBJC_ISA_USAGE = YES_ERROR;
				CLANG_WARN_DOCUMENTATION_COMMENTS = YES;
				CLANG_WARN_EMPTY_BODY = YES;
				CLANG_WARN_ENUM_CONVERSION = YES;
				CLANG_WARN_INFINITE_RECURSION = YES;
				CLANG_WARN_INT_CONVERSION = YES;
				CLANG_WARN_NON_LITERAL_NULL_CONVERSION = YES;
				CLANG_WARN_OBJC_IMPLICIT_RETAIN_SELF = YES;
				CLANG_WARN_OBJC_LITERAL_CONVERSION = YES;
				CLANG_WARN_OBJC_ROOT_CLASS = YES_ERROR;
				CLANG_WARN_QUOTED_INCLUDE_IN_FRAMEWORK_HEADER = YES;
				CLANG_WARN_RANGE_LOOP_ANALYSIS = YES;
				CLANG_WARN_STRICT_PROTOTYPES = YES;
				CLANG_WARN_SUSPICIOUS_MOVE = YES;
				CLANG_WARN_UNGUARDED_AVAILABILITY = YES_AGGRESSIVE;
				CLANG_WARN_UNREACHABLE_CODE = YES;
				CLANG_WARN__DUPLICATE_METHOD_MATCH = YES;
				COPY_PHASE_STRIP = NO;
				DEBUG_INFORMATION_FORMAT = "dwarf-with-dsym";
				DEVELOPMENT_TEAM = P5JTN6T6V3;
				ENABLE_NS_ASSERTIONS = NO;
				ENABLE_STRICT_OBJC_MSGSEND = YES;
				ENABLE_USER_SCRIPT_SANDBOXING = YES;
				GCC_C_LANGUAGE_STANDARD = gnu17;
				GCC_NO_COMMON_BLOCKS = YES;
				GCC_WARN_64_TO_32_BIT_CONVERSION = YES;
				GCC_WARN_ABOUT_RETURN_TYPE = YES_ERROR;
				GCC_WARN_UNDECLARED_SELECTOR = YES;
				GCC_WARN_UNINITIALIZED_AUTOS = YES_AGGRESSIVE;
				GCC_WARN_UNUSED_FUNCTION = YES;
				GCC_WARN_UNUSED_VARIABLE = YES;
				IPHONEOS_DEPLOYMENT_TARGET = 18.4;
				LOCALIZATION_PREFERS_STRING_CATALOGS = YES;
				MTL_ENABLE_DEBUG_INFO = NO;
				MTL_FAST_MATH = YES;
				SDKROOT = iphoneos;
				SWIFT_COMPILATION_MODE = wholemodule;
				VALIDATE_PRODUCT = YES;
			};
			name = Release;
		};
		1A49E94A2DB221E20068F8A5 /* Debug */ = {
			isa = XCBuildConfiguration;
			buildSettings = {
				ASSETCATALOG_COMPILER_APPICON_NAME = AppIcon;
				ASSETCATALOG_COMPILER_GLOBAL_ACCENT_COLOR_NAME = AccentColor;
				CODE_SIGN_STYLE = Automatic;
				CURRENT_PROJECT_VERSION = 1;
				DEVELOPMENT_TEAM = P5JTN6T6V3;
				ENABLE_PREVIEWS = YES;
				GENERATE_INFOPLIST_FILE = YES;
				INFOPLIST_KEY_UIApplicationSceneManifest_Generation = YES;
				INFOPLIST_KEY_UIApplicationSupportsIndirectInputEvents = YES;
				INFOPLIST_KEY_UILaunchScreen_Generation = YES;
				INFOPLIST_KEY_UISupportedInterfaceOrientations_iPad = "UIInterfaceOrientationPortrait UIInterfaceOrientationPortraitUpsideDown UIInterfaceOrientationLandscapeLeft UIInterfaceOrientationLandscapeRight";
				INFOPLIST_KEY_UISupportedInterfaceOrientations_iPhone = "UIInterfaceOrientationPortrait UIInterfaceOrientationLandscapeLeft UIInterfaceOrientationLandscapeRight";
				LD_RUNPATH_SEARCH_PATHS = (
					"$(inherited)",
					"@executable_path/Frameworks",
				);
				MARKETING_VERSION = 1.0;
				PRODUCT_BUNDLE_IDENTIFIER = "com.evesquare.developer-app-clone";
				PRODUCT_NAME = "$(TARGET_NAME)";
				SWIFT_EMIT_LOC_STRINGS = YES;
				SWIFT_VERSION = 5.0;
				TARGETED_DEVICE_FAMILY = "1,2";
			};
			name = Debug;
		};
		1A49E94B2DB221E20068F8A5 /* Release */ = {
			isa = XCBuildConfiguration;
			buildSettings = {
				ASSETCATALOG_COMPILER_APPICON_NAME = AppIcon;
				ASSETCATALOG_COMPILER_GLOBAL_ACCENT_COLOR_NAME = AccentColor;
				CODE_SIGN_STYLE = Automatic;
				CURRENT_PROJECT_VERSION = 1;
				DEVELOPMENT_TEAM = P5JTN6T6V3;
				ENABLE_PREVIEWS = YES;
				GENERATE_INFOPLIST_FILE = YES;
				INFOPLIST_KEY_UIApplicationSceneManifest_Generation = YES;
				INFOPLIST_KEY_UIApplicationSupportsIndirectInputEvents = YES;
				INFOPLIST_KEY_UILaunchScreen_Generation = YES;
				INFOPLIST_KEY_UISupportedInterfaceOrientations_iPad = "UIInterfaceOrientationPortrait UIInterfaceOrientationPortraitUpsideDown UIInterfaceOrientationLandscapeLeft UIInterfaceOrientationLandscapeRight";
				INFOPLIST_KEY_UISupportedInterfaceOrientations_iPhone = "UIInterfaceOrientationPortrait UIInterfaceOrientationLandscapeLeft UIInterfaceOrientationLandscapeRight";
				LD_RUNPATH_SEARCH_PATHS = (
					"$(inherited)",
					"@executable_path/Frameworks",
				);
				MARKETING_VERSION = 1.0;
				PRODUCT_BUNDLE_IDENTIFIER = "com.evesquare.developer-app-clone";
				PRODUCT_NAME = "$(TARGET_NAME)";
				SWIFT_EMIT_LOC_STRINGS = YES;
				SWIFT_VERSION = 5.0;
				TARGETED_DEVICE_FAMILY = "1,2";
			};
			name = Release;
		};
		1A49E94D2DB221E20068F8A5 /* Debug */ = {
			isa = XCBuildConfiguration;
			buildSettings = {
				BUNDLE_LOADER = "$(TEST_HOST)";
				CODE_SIGN_STYLE = Automatic;
				CURRENT_PROJECT_VERSION = 1;
				DEVELOPMENT_TEAM = P5JTN6T6V3;
				GENERATE_INFOPLIST_FILE = YES;
				IPHONEOS_DEPLOYMENT_TARGET = 18.4;
				MARKETING_VERSION = 1.0;
				PRODUCT_BUNDLE_IDENTIFIER = "com.evesquare.developer-app-cloneTests";
				PRODUCT_NAME = "$(TARGET_NAME)";
				SWIFT_EMIT_LOC_STRINGS = NO;
				SWIFT_VERSION = 5.0;
				TARGETED_DEVICE_FAMILY = "1,2";
				TEST_HOST = "$(BUILT_PRODUCTS_DIR)/developer-app-clone.app/$(BUNDLE_EXECUTABLE_FOLDER_PATH)/developer-app-clone";
			};
			name = Debug;
		};
		1A49E94E2DB221E20068F8A5 /* Release */ = {
			isa = XCBuildConfiguration;
			buildSettings = {
				BUNDLE_LOADER = "$(TEST_HOST)";
				CODE_SIGN_STYLE = Automatic;
				CURRENT_PROJECT_VERSION = 1;
				DEVELOPMENT_TEAM = P5JTN6T6V3;
				GENERATE_INFOPLIST_FILE = YES;
				IPHONEOS_DEPLOYMENT_TARGET = 18.4;
				MARKETING_VERSION = 1.0;
				PRODUCT_BUNDLE_IDENTIFIER = "com.evesquare.developer-app-cloneTests";
				PRODUCT_NAME = "$(TARGET_NAME)";
				SWIFT_EMIT_LOC_STRINGS = NO;
				SWIFT_VERSION = 5.0;
				TARGETED_DEVICE_FAMILY = "1,2";
				TEST_HOST = "$(BUILT_PRODUCTS_DIR)/developer-app-clone.app/$(BUNDLE_EXECUTABLE_FOLDER_PATH)/developer-app-clone";
			};
			name = Release;
		};
		1A49E9502DB221E20068F8A5 /* Debug */ = {
			isa = XCBuildConfiguration;
			buildSettings = {
				CODE_SIGN_STYLE = Automatic;
				CURRENT_PROJECT_VERSION = 1;
				DEVELOPMENT_TEAM = P5JTN6T6V3;
				GENERATE_INFOPLIST_FILE = YES;
				MARKETING_VERSION = 1.0;
				PRODUCT_BUNDLE_IDENTIFIER = "com.evesquare.developer-app-cloneUITests";
				PRODUCT_NAME = "$(TARGET_NAME)";
				SWIFT_EMIT_LOC_STRINGS = NO;
				SWIFT_VERSION = 5.0;
				TARGETED_DEVICE_FAMILY = "1,2";
				TEST_TARGET_NAME = "developer-app-clone";
			};
			name = Debug;
		};
		1A49E9512DB221E20068F8A5 /* Release */ = {
			isa = XCBuildConfiguration;
			buildSettings = {
				CODE_SIGN_STYLE = Automatic;
				CURRENT_PROJECT_VERSION = 1;
				DEVELOPMENT_TEAM = P5JTN6T6V3;
				GENERATE_INFOPLIST_FILE = YES;
				MARKETING_VERSION = 1.0;
				PRODUCT_BUNDLE_IDENTIFIER = "com.evesquare.developer-app-cloneUITests";
				PRODUCT_NAME = "$(TARGET_NAME)";
				SWIFT_EMIT_LOC_STRINGS = NO;
				SWIFT_VERSION = 5.0;
				TARGETED_DEVICE_FAMILY = "1,2";
				TEST_TARGET_NAME = "developer-app-clone";
			};
			name = Release;
		};
/* End XCBuildConfiguration section */

/* Begin XCConfigurationList section */
		1A49E9232DB221E10068F8A5 /* Build configuration list for PBXProject "developer-app-clone" */ = {
			isa = XCConfigurationList;
			buildConfigurations = (
				1A49E9472DB221E20068F8A5 /* Debug */,
				1A49E9482DB221E20068F8A5 /* Release */,
			);
			defaultConfigurationIsVisible = 0;
			defaultConfigurationName = Release;
		};
		1A49E9492DB221E20068F8A5 /* Build configuration list for PBXNativeTarget "developer-app-clone" */ = {
			isa = XCConfigurationList;
			buildConfigurations = (
				1A49E94A2DB221E20068F8A5 /* Debug */,
				1A49E94B2DB221E20068F8A5 /* Release */,
			);
			defaultConfigurationIsVisible = 0;
			defaultConfigurationName = Release;
		};
		1A49E94C2DB221E20068F8A5 /* Build configuration list for PBXNativeTarget "developer-app-cloneTests" */ = {
			isa = XCConfigurationList;
			buildConfigurations = (
				1A49E94D2DB221E20068F8A5 /* Debug */,
				1A49E94E2DB221E20068F8A5 /* Release */,
			);
			defaultConfigurationIsVisible = 0;
			defaultConfigurationName = Release;
		};
		1A49E94F2DB221E20068F8A5 /* Build configuration list for PBXNativeTarget "developer-app-cloneUITests" */ = {
			isa = XCConfigurationList;
			buildConfigurations = (
				1A49E9502DB221E20068F8A5 /* Debug */,
				1A49E9512DB221E20068F8A5 /* Release */,
			);
			defaultConfigurationIsVisible = 0;
			defaultConfigurationName = Release;
		};
/* End XCConfigurationList section */
	};
	rootObject = 1A49E9202DB221E10068F8A5 /* Project object */;
}
